
Microsoft Visual Studio Solution File, Format Version 11.00
# Visual Studio 2010
Project("{D2ABAB84-BF74-430A-B69E-9DC6D40DDA17}") = "EDGE_DWH_DB3", "EDGE_DWH_DB3\EDGE_DWH_DB3.dwproj", "{912FCA38-368E-448A-B111-FDDA0B6159FE}"
EndProject
Global
	GlobalSection(SolutionConfigurationPlatforms) = preSolution
		Development|Default = Development|Default
	EndGlobalSection
	GlobalSection(ProjectConfigurationPlatforms) = postSolution
		{912FCA38-368E-448A-B111-FDDA0B6159FE}.Development|Default.ActiveCfg = Development
		{912FCA38-368E-448A-B111-FDDA0B6159FE}.Development|Default.Build.0 = Development
		{912FCA38-368E-448A-B111-FDDA0B6159FE}.Development|Default.Deploy.0 = Development
	EndGlobalSection
	GlobalSection(SolutionProperties) = preSolution
		HideSolutionNode = FALSE
	EndGlobalSection
EndGlobal
